
Microsoft Visual Studio Solution File, Format Version 12.00
# Visual Studio Version 17
VisualStudioVersion = 17.5.002.0
MinimumVisualStudioVersion = 10.0.40219.1
Project("{9A19103F-16F7-4668-BE54-9A1E7A4F7556}") = "SimpleDB", "SimpleDB\SimpleDB.csproj", "{16640DE2-F899-4286-BDAB-FE0278EE0965}"
EndProject
Project("{9A19103F-16F7-4668-BE54-9A1E7A4F7556}") = "CLI", "CLI\CLI.csproj", "{986BBEF5-7D5D-4D5C-B298-6072D03B1EE9}"
EndProject
Global
	GlobalSection(SolutionConfigurationPlatforms) = preSolution
		Debug|Any CPU = Debug|Any CPU
		Release|Any CPU = Release|Any CPU
	EndGlobalSection
	GlobalSection(ProjectConfigurationPlatforms) = postSolution
		{16640DE2-F899-4286-BDAB-FE0278EE0965}.Debug|Any CPU.ActiveCfg = Debug|Any CPU
		{16640DE2-F899-4286-BDAB-FE0278EE0965}.Debug|Any CPU.Build.0 = Debug|Any CPU
		{16640DE2-F899-4286-BDAB-FE0278EE0965}.Release|Any CPU.ActiveCfg = Release|Any CPU
		{16640DE2-F899-4286-BDAB-FE0278EE0965}.Release|Any CPU.Build.0 = Release|Any CPU
		{986BBEF5-7D5D-4D5C-B298-6072D03B1EE9}.Debug|Any CPU.ActiveCfg = Debug|Any CPU
		{986BBEF5-7D5D-4D5C-B298-6072D03B1EE9}.Debug|Any CPU.Build.0 = Debug|Any CPU
		{986BBEF5-7D5D-4D5C-B298-6072D03B1EE9}.Release|Any CPU.ActiveCfg = Release|Any CPU
		{986BBEF5-7D5D-4D5C-B298-6072D03B1EE9}.Release|Any CPU.Build.0 = Release|Any CPU
	EndGlobalSection
	GlobalSection(SolutionProperties) = preSolution
		HideSolutionNode = FALSE
	EndGlobalSection
	GlobalSection(ExtensibilityGlobals) = postSolution
		SolutionGuid = {B11F4B68-55F5-4DB8-BCF5-27F7A4B1FB04}
	EndGlobalSection
EndGlobal
