
Microsoft Visual Studio Solution File, Format Version 12.00
# Visual Studio Version 17
VisualStudioVersion = 17.5.002.0
MinimumVisualStudioVersion = 10.0.40219.1
Project("{9A19103F-16F7-4668-BE54-9A1E7A4F7556}") = "SimpleDB", "SimpleDB\SimpleDB.csproj", "{49FD119D-D1EB-4DAC-B148-7D2A9A19DCF2}"
EndProject
Project("{9A19103F-16F7-4668-BE54-9A1E7A4F7556}") = "CLI", "CLI\CLI.csproj", "{DBFFA7E7-203F-4E1E-B398-52F34B6C436A}"
EndProject
Global
	GlobalSection(SolutionConfigurationPlatforms) = preSolution
		Debug|Any CPU = Debug|Any CPU
		Release|Any CPU = Release|Any CPU
	EndGlobalSection
	GlobalSection(ProjectConfigurationPlatforms) = postSolution
		{49FD119D-D1EB-4DAC-B148-7D2A9A19DCF2}.Debug|Any CPU.ActiveCfg = Debug|Any CPU
		{49FD119D-D1EB-4DAC-B148-7D2A9A19DCF2}.Debug|Any CPU.Build.0 = Debug|Any CPU
		{49FD119D-D1EB-4DAC-B148-7D2A9A19DCF2}.Release|Any CPU.ActiveCfg = Release|Any CPU
		{49FD119D-D1EB-4DAC-B148-7D2A9A19DCF2}.Release|Any CPU.Build.0 = Release|Any CPU
		{DBFFA7E7-203F-4E1E-B398-52F34B6C436A}.Debug|Any CPU.ActiveCfg = Debug|Any CPU
		{DBFFA7E7-203F-4E1E-B398-52F34B6C436A}.Debug|Any CPU.Build.0 = Debug|Any CPU
		{DBFFA7E7-203F-4E1E-B398-52F34B6C436A}.Release|Any CPU.ActiveCfg = Release|Any CPU
		{DBFFA7E7-203F-4E1E-B398-52F34B6C436A}.Release|Any CPU.Build.0 = Release|Any CPU
	EndGlobalSection
	GlobalSection(SolutionProperties) = preSolution
		HideSolutionNode = FALSE
	EndGlobalSection
	GlobalSection(ExtensibilityGlobals) = postSolution
		SolutionGuid = {B11F4B68-55F5-4DB8-BCF5-27F7A4B1FB04}
	EndGlobalSection
EndGlobal
